# This file is automatically @generated by Cargo.
# It is not intended for manual editing.
version = 4

[[package]]
name = "bidspec"
version = "0.1.0"

[[package]]
name = "bridge-card"
version = "0.1.0"

[[package]]
name = "bridge-types"
version = "0.1.0"
source = "git+https://github.com/bridge-craftwork/bridge-types#12d57d64f07e79f758fc9e0cbf5bc06c4f6814a4"

[[package]]
name = "rbb-cli"
version = "0.1.0"
dependencies = [
 "rbb-engine",
]

[[package]]
name = "rbb-engine"
version = "0.1.0"
dependencies = [
 "bidspec",
 "bridge-card",
 "bridge-types",
]
